
Microsoft Visual Studio Solution File, Format Version 12.00
# Visual Studio Version 16
VisualStudioVersion = 16.0.32901.82
MinimumVisualStudioVersion = 10.0.40219.1
Project("{FAE04EC0-301F-11D3-BF4B-00C04F79EFBC}") = "pooMaiorIdade", "pooMaiorIdade\pooMaiorIdade.csproj", "{DCB05FDD-28C1-4FB8-8D9B-BD2C4169EF5B}"
EndProject
Global
	GlobalSection(SolutionConfigurationPlatforms) = preSolution
		Debug|Any CPU = Debug|Any CPU
		Release|Any CPU = Release|Any CPU
	EndGlobalSection
	GlobalSection(ProjectConfigurationPlatforms) = postSolution
		{DCB05FDD-28C1-4FB8-8D9B-BD2C4169EF5B}.Debug|Any CPU.ActiveCfg = Debug|Any CPU
		{DCB05FDD-28C1-4FB8-8D9B-BD2C4169EF5B}.Debug|Any CPU.Build.0 = Debug|Any CPU
		{DCB05FDD-28C1-4FB8-8D9B-BD2C4169EF5B}.Release|Any CPU.ActiveCfg = Release|Any CPU
		{DCB05FDD-28C1-4FB8-8D9B-BD2C4169EF5B}.Release|Any CPU.Build.0 = Release|Any CPU
	EndGlobalSection
	GlobalSection(SolutionProperties) = preSolution
		HideSolutionNode = FALSE
	EndGlobalSection
	GlobalSection(ExtensibilityGlobals) = postSolution
		SolutionGuid = {C5797B22-A2C2-4BFC-AC91-FCF3C31D39D8}
	EndGlobalSection
EndGlobal
