
Microsoft Visual Studio Solution File, Format Version 12.00
# Visual Studio Version 16
VisualStudioVersion = 16.0.32901.82
MinimumVisualStudioVersion = 10.0.40219.1
Project("{FAE04EC0-301F-11D3-BF4B-00C04F79EFBC}") = "pooZoo", "pooZoo\pooZoo.csproj", "{E47515D6-67E8-4AA8-BCA8-68CD2903B4DE}"
EndProject
Global
	GlobalSection(SolutionConfigurationPlatforms) = preSolution
		Debug|Any CPU = Debug|Any CPU
		Release|Any CPU = Release|Any CPU
	EndGlobalSection
	GlobalSection(ProjectConfigurationPlatforms) = postSolution
		{E47515D6-67E8-4AA8-BCA8-68CD2903B4DE}.Debug|Any CPU.ActiveCfg = Debug|Any CPU
		{E47515D6-67E8-4AA8-BCA8-68CD2903B4DE}.Debug|Any CPU.Build.0 = Debug|Any CPU
		{E47515D6-67E8-4AA8-BCA8-68CD2903B4DE}.Release|Any CPU.ActiveCfg = Release|Any CPU
		{E47515D6-67E8-4AA8-BCA8-68CD2903B4DE}.Release|Any CPU.Build.0 = Release|Any CPU
	EndGlobalSection
	GlobalSection(SolutionProperties) = preSolution
		HideSolutionNode = FALSE
	EndGlobalSection
	GlobalSection(ExtensibilityGlobals) = postSolution
		SolutionGuid = {E6AE11E2-160F-4522-BC82-05490A4D6163}
	EndGlobalSection
EndGlobal
