
Microsoft Visual Studio Solution File, Format Version 12.00
# Visual Studio Version 16
VisualStudioVersion = 16.0.32901.82
MinimumVisualStudioVersion = 10.0.40219.1
Project("{FAE04EC0-301F-11D3-BF4B-00C04F79EFBC}") = "HoraDoPitch", "HoraDoPitch\HoraDoPitch.csproj", "{EA49E78E-BB8A-4B7F-AE6F-B4BF835BB9E5}"
EndProject
Global
	GlobalSection(SolutionConfigurationPlatforms) = preSolution
		Debug|Any CPU = Debug|Any CPU
		Release|Any CPU = Release|Any CPU
	EndGlobalSection
	GlobalSection(ProjectConfigurationPlatforms) = postSolution
		{EA49E78E-BB8A-4B7F-AE6F-B4BF835BB9E5}.Debug|Any CPU.ActiveCfg = Debug|Any CPU
		{EA49E78E-BB8A-4B7F-AE6F-B4BF835BB9E5}.Debug|Any CPU.Build.0 = Debug|Any CPU
		{EA49E78E-BB8A-4B7F-AE6F-B4BF835BB9E5}.Release|Any CPU.ActiveCfg = Release|Any CPU
		{EA49E78E-BB8A-4B7F-AE6F-B4BF835BB9E5}.Release|Any CPU.Build.0 = Release|Any CPU
	EndGlobalSection
	GlobalSection(SolutionProperties) = preSolution
		HideSolutionNode = FALSE
	EndGlobalSection
	GlobalSection(ExtensibilityGlobals) = postSolution
		SolutionGuid = {0E6C3F46-4D0D-4784-9F22-F22AE12DF53E}
	EndGlobalSection
EndGlobal
