
Microsoft Visual Studio Solution File, Format Version 12.00
# Visual Studio Version 16
VisualStudioVersion = 16.0.32901.82
MinimumVisualStudioVersion = 10.0.40219.1
Project("{FAE04EC0-301F-11D3-BF4B-00C04F79EFBC}") = "pooMensagem", "pooMensagem\pooMensagem.csproj", "{8E624D81-88C7-4445-8A57-1FFF44896110}"
EndProject
Global
	GlobalSection(SolutionConfigurationPlatforms) = preSolution
		Debug|Any CPU = Debug|Any CPU
		Release|Any CPU = Release|Any CPU
	EndGlobalSection
	GlobalSection(ProjectConfigurationPlatforms) = postSolution
		{8E624D81-88C7-4445-8A57-1FFF44896110}.Debug|Any CPU.ActiveCfg = Debug|Any CPU
		{8E624D81-88C7-4445-8A57-1FFF44896110}.Debug|Any CPU.Build.0 = Debug|Any CPU
		{8E624D81-88C7-4445-8A57-1FFF44896110}.Release|Any CPU.ActiveCfg = Release|Any CPU
		{8E624D81-88C7-4445-8A57-1FFF44896110}.Release|Any CPU.Build.0 = Release|Any CPU
	EndGlobalSection
	GlobalSection(SolutionProperties) = preSolution
		HideSolutionNode = FALSE
	EndGlobalSection
	GlobalSection(ExtensibilityGlobals) = postSolution
		SolutionGuid = {38996653-F8F3-412F-9175-F5566F3AD8B7}
	EndGlobalSection
EndGlobal
