
Microsoft Visual Studio Solution File, Format Version 12.00
# Visual Studio Version 16
VisualStudioVersion = 16.0.32901.82
MinimumVisualStudioVersion = 10.0.40219.1
Project("{FAE04EC0-301F-11D3-BF4B-00C04F79EFBC}") = "pooPokemonApp", "pooPokemonApp\pooPokemonApp.csproj", "{7228F1C2-BECD-4443-BD59-964F9BE3B093}"
EndProject
Global
	GlobalSection(SolutionConfigurationPlatforms) = preSolution
		Debug|Any CPU = Debug|Any CPU
		Release|Any CPU = Release|Any CPU
	EndGlobalSection
	GlobalSection(ProjectConfigurationPlatforms) = postSolution
		{7228F1C2-BECD-4443-BD59-964F9BE3B093}.Debug|Any CPU.ActiveCfg = Debug|Any CPU
		{7228F1C2-BECD-4443-BD59-964F9BE3B093}.Debug|Any CPU.Build.0 = Debug|Any CPU
		{7228F1C2-BECD-4443-BD59-964F9BE3B093}.Release|Any CPU.ActiveCfg = Release|Any CPU
		{7228F1C2-BECD-4443-BD59-964F9BE3B093}.Release|Any CPU.Build.0 = Release|Any CPU
	EndGlobalSection
	GlobalSection(SolutionProperties) = preSolution
		HideSolutionNode = FALSE
	EndGlobalSection
	GlobalSection(ExtensibilityGlobals) = postSolution
		SolutionGuid = {56B02A08-8EED-4297-AA38-CCEF51C623CB}
	EndGlobalSection
EndGlobal
